
Microsoft Visual Studio Solution File, Format Version 12.00
# Visual Studio Version 17
VisualStudioVersion = 17.4.33122.133
MinimumVisualStudioVersion = 10.0.40219.1
Project("{FAE04EC0-301F-11D3-BF4B-00C04F79EFBC}") = "BlazorApp-serverapp", "BlazorApp-serverapp\BlazorApp-serverapp.csproj", "{32506F1A-B9CA-44A3-9552-77D1A1CD8B55}"
EndProject
Project("{FAE04EC0-301F-11D3-BF4B-00C04F79EFBC}") = "DataAccessLibrary", "DataAccessLibrary\DataAccessLibrary.csproj", "{F16A0713-6E07-4A52-BF4D-14B1DDB8E8A9}"
EndProject
Global
	GlobalSection(SolutionConfigurationPlatforms) = preSolution
		Debug|Any CPU = Debug|Any CPU
		Release|Any CPU = Release|Any CPU
	EndGlobalSection
	GlobalSection(ProjectConfigurationPlatforms) = postSolution
		{32506F1A-B9CA-44A3-9552-77D1A1CD8B55}.Debug|Any CPU.ActiveCfg = Debug|Any CPU
		{32506F1A-B9CA-44A3-9552-77D1A1CD8B55}.Debug|Any CPU.Build.0 = Debug|Any CPU
		{32506F1A-B9CA-44A3-9552-77D1A1CD8B55}.Release|Any CPU.ActiveCfg = Release|Any CPU
		{32506F1A-B9CA-44A3-9552-77D1A1CD8B55}.Release|Any CPU.Build.0 = Release|Any CPU
		{F16A0713-6E07-4A52-BF4D-14B1DDB8E8A9}.Debug|Any CPU.ActiveCfg = Debug|Any CPU
		{F16A0713-6E07-4A52-BF4D-14B1DDB8E8A9}.Debug|Any CPU.Build.0 = Debug|Any CPU
		{F16A0713-6E07-4A52-BF4D-14B1DDB8E8A9}.Release|Any CPU.ActiveCfg = Release|Any CPU
		{F16A0713-6E07-4A52-BF4D-14B1DDB8E8A9}.Release|Any CPU.Build.0 = Release|Any CPU
	EndGlobalSection
	GlobalSection(SolutionProperties) = preSolution
		HideSolutionNode = FALSE
	EndGlobalSection
	GlobalSection(ExtensibilityGlobals) = postSolution
		SolutionGuid = {E953023C-3974-4E80-9CCE-A2D7939EF559}
	EndGlobalSection
EndGlobal
